
Microsoft Visual Studio Solution File, Format Version 12.00
# Visual Studio Version 16
VisualStudioVersion = 16.0.29326.143
MinimumVisualStudioVersion = 10.0.40219.1
Project("{FAE04EC0-301F-11D3-BF4B-00C04F79EFBC}") = "CalculadoraDoGilnei", "CalculadoraDoGilnei\CalculadoraDoGilnei.csproj", "{EA63DEFC-8A37-43B6-B7C1-5398E4BAB25A}"
EndProject
Global
	GlobalSection(SolutionConfigurationPlatforms) = preSolution
		Debug|Any CPU = Debug|Any CPU
		Release|Any CPU = Release|Any CPU
	EndGlobalSection
	GlobalSection(ProjectConfigurationPlatforms) = postSolution
		{EA63DEFC-8A37-43B6-B7C1-5398E4BAB25A}.Debug|Any CPU.ActiveCfg = Debug|Any CPU
		{EA63DEFC-8A37-43B6-B7C1-5398E4BAB25A}.Debug|Any CPU.Build.0 = Debug|Any CPU
		{EA63DEFC-8A37-43B6-B7C1-5398E4BAB25A}.Release|Any CPU.ActiveCfg = Release|Any CPU
		{EA63DEFC-8A37-43B6-B7C1-5398E4BAB25A}.Release|Any CPU.Build.0 = Release|Any CPU
	EndGlobalSection
	GlobalSection(SolutionProperties) = preSolution
		HideSolutionNode = FALSE
	EndGlobalSection
	GlobalSection(ExtensibilityGlobals) = postSolution
		SolutionGuid = {B0FE9075-3F7F-451D-AC1B-B8A880EB5D3A}
	EndGlobalSection
EndGlobal
